// !$*UTF8*$!
{
	archiveVersion = 1;
	classes = {
	};
	objectVersion = 46;
	objects = {

/* Begin PBXBuildFile section */
		DA351C9A1B49673200F8A2E0 /* main.m in Sources */ = {isa = PBXBuildFile; fileRef = DA351C991B49673200F8A2E0 /* main.m */; };
		DA351C9D1B49673200F8A2E0 /* AppDelegate.m in Sources */ = {isa = PBXBuildFile; fileRef = DA351C9C1B49673200F8A2E0 /* AppDelegate.m */; };
		DA351CA01B49673200F8A2E0 /* ControllingSourceTest.xcdatamodeld in Sources */ = {isa = PBXBuildFile; fileRef = DA351C9E1B49673200F8A2E0 /* ControllingSourceTest.xcdatamodeld */; };
		DA351CA31B49673200F8A2E0 /* MasterViewController.m in Sources */ = {isa = PBXBuildFile; fileRef = DA351CA21B49673200F8A2E0 /* MasterViewController.m */; };
		DA351CA61B49673200F8A2E0 /* DetailViewController.m in Sources */ = {isa = PBXBuildFile; fileRef = DA351CA51B49673200F8A2E0 /* DetailViewController.m */; };
		DA351CA91B49673200F8A2E0 /* Main.storyboard in Resources */ = {isa = PBXBuildFile; fileRef = DA351CA71B49673200F8A2E0 /* Main.storyboard */; };
		DA351CAB1B49673200F8A2E0 /* Images.xcassets in Resources */ = {isa = PBXBuildFile; fileRef = DA351CAA1B49673200F8A2E0 /* Images.xcassets */; };
		DA351CAE1B49673200F8A2E0 /* LaunchScreen.xib in Resources */ = {isa = PBXBuildFile; fileRef = DA351CAC1B49673200F8A2E0 /* LaunchScreen.xib */; };
		DA351CBA1B49673200F8A2E0 /* ControllingSourceTestTests.m in Sources */ = {isa = PBXBuildFile; fileRef = DA351CB91B49673200F8A2E0 /* ControllingSourceTestTests.m */; };
/* End PBXBuildFile section */

/* Begin PBXContainerItemProxy section */
		DA351CB41B49673200F8A2E0 /* PBXContainerItemProxy */ = {
			isa = PBXContainerItemProxy;
			containerPortal = DA351C8C1B49673200F8A2E0 /* Project object */;
			proxyType = 1;
			remoteGlobalIDString = DA351C931B49673200F8A2E0;
			remoteInfo = ControllingSourceTest;
		};
/* End PBXContainerItemProxy section */

/* Begin PBXFileReference section */
		DA351C941B49673200F8A2E0 /* ControllingSourceTest.app */ = {isa = PBXFileReference; explicitFileType = wrapper.application; includeInIndex = 0; path = ControllingSourceTest.app; sourceTree = BUILT_PRODUCTS_DIR; };
		DA351C981B49673200F8A2E0 /* Info.plist */ = {isa = PBXFileReference; lastKnownFileType = text.plist.xml; path = Info.plist; sourceTree = "<group>"; };
		DA351C991B49673200F8A2E0 /* main.m */ = {isa = PBXFileReference; lastKnownFileType = sourcecode.c.objc; path = main.m; sourceTree = "<group>"; };
		DA351C9B1B49673200F8A2E0 /* AppDelegate.h */ = {isa = PBXFileReference; lastKnownFileType = sourcecode.c.h; path = AppDelegate.h; sourceTree = "<group>"; };
		DA351C9C1B49673200F8A2E0 /* AppDelegate.m */ = {isa = PBXFileReference; lastKnownFileType = sourcecode.c.objc; path = AppDelegate.m; sourceTree = "<group>"; };
		DA351C9F1B49673200F8A2E0 /* ControllingSourceTest.xcdatamodel */ = {isa = PBXFileReference; lastKnownFileType = wrapper.xcdatamodel; path = ControllingSourceTest.xcdatamodel; sourceTree = "<group>"; };
		DA351CA11B49673200F8A2E0 /* MasterViewController.h */ = {isa = PBXFileReference; lastKnownFileType = sourcecode.c.h; path = MasterViewController.h; sourceTree = "<group>"; };
		DA351CA21B49673200F8A2E0 /* MasterViewController.m */ = {isa = PBXFileReference; lastKnownFileType = sourcecode.c.objc; path = MasterViewController.m; sourceTree = "<group>"; };
		DA351CA41B49673200F8A2E0 /* DetailViewController.h */ = {isa = PBXFileReference; lastKnownFileType = sourcecode.c.h; path = DetailViewController.h; sourceTree = "<group>"; };
		DA351CA51B49673200F8A2E0 /* DetailViewController.m */ = {isa = PBXFileReference; lastKnownFileType = sourcecode.c.objc; path = DetailViewController.m; sourceTree = "<group>"; };
		DA351CA81B49673200F8A2E0 /* Base */ = {isa = PBXFileReference; lastKnownFileType = file.storyboard; name = Base; path = Base.lproj/Main.storyboard; sourceTree = "<group>"; };
		DA351CAA1B49673200F8A2E0 /* Images.xcassets */ = {isa = PBXFileReference; lastKnownFileType = folder.assetcatalog; path = Images.xcassets; sourceTree = "<group>"; };
		DA351CAD1B49673200F8A2E0 /* Base */ = {isa = PBXFileReference; lastKnownFileType = file.xib; name = Base; path = Base.lproj/LaunchScreen.xib; sourceTree = "<group>"; };
		DA351CB31B49673200F8A2E0 /* ControllingSourceTestTests.xctest */ = {isa = PBXFileReference; explicitFileType = wrapper.cfbundle; includeInIndex = 0; path = ControllingSourceTestTests.xctest; sourceTree = BUILT_PRODUCTS_DIR; };
		DA351CB81B49673200F8A2E0 /* Info.plist */ = {isa = PBXFileReference; lastKnownFileType = text.plist.xml; path = Info.plist; sourceTree = "<group>"; };
		DA351CB91B49673200F8A2E0 /* ControllingSourceTestTests.m */ = {isa = PBXFileReference; lastKnownFileType = sourcecode.c.objc; path = ControllingSourceTestTests.m; sourceTree = "<group>"; };
/* End PBXFileReference section */

/* Begin PBXFrameworksBuildPhase section */
		DA351C911B49673200F8A2E0 /* Frameworks */ = {
			isa = PBXFrameworksBuildPhase;
			buildActionMask = 2147483647;
			files = (
			);
			runOnlyForDeploymentPostprocessing = 0;
		};
		DA351CB01B49673200F8A2E0 /* Frameworks */ = {
			isa = PBXFrameworksBuildPhase;
			buildActionMask = 2147483647;
			files = (
			);
			runOnlyForDeploymentPostprocessing = 0;
		};
/* End PBXFrameworksBuildPhase section */

/* Begin PBXGroup section */
		DA351C8B1B49673200F8A2E0 = {
			isa = PBXGroup;
			children = (
				DA351C961B49673200F8A2E0 /* ControllingSourceTest */,
				DA351CB61B49673200F8A2E0 /* ControllingSourceTestTests */,
				DA351C951B49673200F8A2E0 /* Products */,
			);
			sourceTree = "<group>";
		};
		DA351C951B49673200F8A2E0 /* Products */ = {
			isa = PBXGroup;
			children = (
				DA351C941B49673200F8A2E0 /* ControllingSourceTest.app */,
				DA351CB31B49673200F8A2E0 /* ControllingSourceTestTests.xctest */,
			);
			name = Products;
			sourceTree = "<group>";
		};
		DA351C961B49673200F8A2E0 /* ControllingSourceTest */ = {
			isa = PBXGroup;
			children = (
				DA351C9B1B49673200F8A2E0 /* AppDelegate.h */,
				DA351C9C1B49673200F8A2E0 /* AppDelegate.m */,
				DA351CA11B49673200F8A2E0 /* MasterViewController.h */,
				DA351CA21B49673200F8A2E0 /* MasterViewController.m */,
				DA351CA41B49673200F8A2E0 /* DetailViewController.h */,
				DA351CA51B49673200F8A2E0 /* DetailViewController.m */,
				DA351CA71B49673200F8A2E0 /* Main.storyboard */,
				DA351CAA1B49673200F8A2E0 /* Images.xcassets */,
				DA351CAC1B49673200F8A2E0 /* LaunchScreen.xib */,
				DA351C9E1B49673200F8A2E0 /* ControllingSourceTest.xcdatamodeld */,
				DA351C971B49673200F8A2E0 /* Supporting Files */,
			);
			path = ControllingSourceTest;
			sourceTree = "<group>";
		};
		DA351C971B49673200F8A2E0 /* Supporting Files */ = {
			isa = PBXGroup;
			children = (
				DA351C981B49673200F8A2E0 /* Info.plist */,
				DA351C991B49673200F8A2E0 /* main.m */,
			);
			name = "Supporting Files";
			sourceTree = "<group>";
		};
		DA351CB61B49673200F8A2E0 /* ControllingSourceTestTests */ = {
			isa = PBXGroup;
			children = (
				DA351CB91B49673200F8A2E0 /* ControllingSourceTestTests.m */,
				DA351CB71B49673200F8A2E0 /* Supporting Files */,
			);
			path = ControllingSourceTestTests;
			sourceTree = "<group>";
		};
		DA351CB71B49673200F8A2E0 /* Supporting Files */ = {
			isa = PBXGroup;
			children = (
				DA351CB81B49673200F8A2E0 /* Info.plist */,
			);
			name = "Supporting Files";
			sourceTree = "<group>";
		};
/* End PBXGroup section */

/* Begin PBXNativeTarget section */
		DA351C931B49673200F8A2E0 /* ControllingSourceTest */ = {
			isa = PBXNativeTarget;
			buildConfigurationList = DA351CBD1B49673200F8A2E0 /* Build configuration list for PBXNativeTarget "ControllingSourceTest" */;
			buildPhases = (
				DA351C901B49673200F8A2E0 /* Sources */,
				DA351C911B49673200F8A2E0 /* Frameworks */,
				DA351C921B49673200F8A2E0 /* Resources */,
			);
			buildRules = (
			);
			dependencies = (
			);
			name = ControllingSourceTest;
			productName = ControllingSourceTest;
			productReference = DA351C941B49673200F8A2E0 /* ControllingSourceTest.app */;
			productType = "com.apple.product-type.application";
		};
		DA351CB21B49673200F8A2E0 /* ControllingSourceTestTests */ = {
			isa = PBXNativeTarget;
			buildConfigurationList = DA351CC01B49673200F8A2E0 /* Build configuration list for PBXNativeTarget "ControllingSourceTestTests" */;
			buildPhases = (
				DA351CAF1B49673200F8A2E0 /* Sources */,
				DA351CB01B49673200F8A2E0 /* Frameworks */,
				DA351CB11B49673200F8A2E0 /* Resources */,
			);
			buildRules = (
			);
			dependencies = (
				DA351CB51B49673200F8A2E0 /* PBXTargetDependency */,
			);
			name = ControllingSourceTestTests;
			productName = ControllingSourceTestTests;
			productReference = DA351CB31B49673200F8A2E0 /* ControllingSourceTestTests.xctest */;
			productType = "com.apple.product-type.bundle.unit-test";
		};
/* End PBXNativeTarget section */

/* Begin PBXProject section */
		DA351C8C1B49673200F8A2E0 /* Project object */ = {
			isa = PBXProject;
			attributes = {
				LastUpgradeCheck = 0610;
				ORGANIZATIONNAME = "___HH_NAME___";
				TargetAttributes = {
					DA351C931B49673200F8A2E0 = {
						CreatedOnToolsVersion = 6.1;
					};
					DA351CB21B49673200F8A2E0 = {
						CreatedOnToolsVersion = 6.1;
						TestTargetID = DA351C931B49673200F8A2E0;
					};
				};
			};
			buildConfigurationList = DA351C8F1B49673200F8A2E0 /* Build configuration list for PBXProject "ControllingSourceTest" */;
			compatibilityVersion = "Xcode 3.2";
			developmentRegion = English;
			hasScannedForEncodings = 0;
			knownRegions = (
				en,
				Base,
			);
			mainGroup = DA351C8B1B49673200F8A2E0;
			productRefGroup = DA351C951B49673200F8A2E0 /* Products */;
			projectDirPath = "";
			projectRoot = "";
			targets = (
				DA351C931B49673200F8A2E0 /* ControllingSourceTest */,
				DA351CB21B49673200F8A2E0 /* ControllingSourceTestTests */,
			);
		};
/* End PBXProject section */

/* Begin PBXResourcesBuildPhase section */
		DA351C921B49673200F8A2E0 /* Resources */ = {
			isa = PBXResourcesBuildPhase;
			buildActionMask = 2147483647;
			files = (
				DA351CA91B49673200F8A2E0 /* Main.storyboard in Resources */,
				DA351CAE1B49673200F8A2E0 /* LaunchScreen.xib in Resources */,
				DA351CAB1B49673200F8A2E0 /* Images.xcassets in Resources */,
			);
			runOnlyForDeploymentPostprocessing = 0;
		};
		DA351CB11B49673200F8A2E0 /* Resources */ = {
			isa = PBXResourcesBuildPhase;
			buildActionMask = 2147483647;
			files = (
			);
			runOnlyForDeploymentPostprocessing = 0;
		};
/* End PBXResourcesBuildPhase section */

/* Begin PBXSourcesBuildPhase section */
		DA351C901B49673200F8A2E0 /* Sources */ = {
			isa = PBXSourcesBuildPhase;
			buildActionMask = 2147483647;
			files = (
				DA351CA61B49673200F8A2E0 /* DetailViewController.m in Sources */,
				DA351CA31B49673200F8A2E0 /* MasterViewController.m in Sources */,
				DA351CA01B49673200F8A2E0 /* ControllingSourceTest.xcdatamodeld in Sources */,
				DA351C9D1B49673200F8A2E0 /* AppDelegate.m in Sources */,
				DA351C9A1B49673200F8A2E0 /* main.m in Sources */,
			);
			runOnlyForDeploymentPostprocessing = 0;
		};
		DA351CAF1B49673200F8A2E0 /* Sources */ = {
			isa = PBXSourcesBuildPhase;
			buildActionMask = 2147483647;
			files = (
				DA351CBA1B49673200F8A2E0 /* ControllingSourceTestTests.m in Sources */,
			);
			runOnlyForDeploymentPostprocessing = 0;
		};
/* End PBXSourcesBuildPhase section */

/* Begin PBXTargetDependency section */
		DA351CB51B49673200F8A2E0 /* PBXTargetDependency */ = {
			isa = PBXTargetDependency;
			target = DA351C931B49673200F8A2E0 /* ControllingSourceTest */;
			targetProxy = DA351CB41B49673200F8A2E0 /* PBXContainerItemProxy */;
		};
/* End PBXTargetDependency section */

/* Begin PBXVariantGroup section */
		DA351CA71B49673200F8A2E0 /* Main.storyboard */ = {
			isa = PBXVariantGroup;
			children = (
				DA351CA81B49673200F8A2E0 /* Base */,
			);
			name = Main.storyboard;
			sourceTree = "<group>";
		};
		DA351CAC1B49673200F8A2E0 /* LaunchScreen.xib */ = {
			isa = PBXVariantGroup;
			children = (
				DA351CAD1B49673200F8A2E0 /* Base */,
			);
			name = LaunchScreen.xib;
			sourceTree = "<group>";
		};
/* End PBXVariantGroup section */

/* Begin XCBuildConfiguration section */
		DA351CBB1B49673200F8A2E0 /* Debug */ = {
			isa = XCBuildConfiguration;
			buildSettings = {
				ALWAYS_SEARCH_USER_PATHS = NO;
				CLANG_CXX_LANGUAGE_STANDARD = "gnu++0x";
				CLANG_CXX_LIBRARY = "libc++";
				CLANG_ENABLE_MODULES = YES;
				CLANG_ENABLE_OBJC_ARC = YES;
				CLANG_WARN_BOOL_CONVERSION = YES;
				CLANG_WARN_CONSTANT_CONVERSION = YES;
				CLANG_WARN_DIRECT_OBJC_ISA_USAGE = YES_ERROR;
				CLANG_WARN_EMPTY_BODY = YES;
				CLANG_WARN_ENUM_CONVERSION = YES;
				CLANG_WARN_INT_CONVERSION = YES;
				CLANG_WARN_OBJC_ROOT_CLASS = YES_ERROR;
				CLANG_WARN_UNREACHABLE_CODE = YES;
				CLANG_WARN__DUPLICATE_METHOD_MATCH = YES;
				"CODE_SIGN_IDENTITY[sdk=iphoneos*]" = "iPhone Developer";
				COPY_PHASE_STRIP = NO;
				ENABLE_STRICT_OBJC_MSGSEND = YES;
				GCC_C_LANGUAGE_STANDARD = gnu99;
				GCC_DYNAMIC_NO_PIC = NO;
				GCC_OPTIMIZATION_LEVEL = 0;
				GCC_PREPROCESSOR_DEFINITIONS = (
					"DEBUG=1",
					"$(inherited)",
				);
				GCC_SYMBOLS_PRIVATE_EXTERN = NO;
				GCC_WARN_64_TO_32_BIT_CONVERSION = YES;
				GCC_WARN_ABOUT_RETURN_TYPE = YES_ERROR;
				GCC_WARN_UNDECLARED_SELECTOR = YES;
				GCC_WARN_UNINITIALIZED_AUTOS = YES_AGGRESSIVE;
				GCC_WARN_UNUSED_FUNCTION = YES;
				GCC_WARN_UNUSED_VARIABLE = YES;
				IPHONEOS_DEPLOYMENT_TARGET = 8.1;
				MTL_ENABLE_DEBUG_INFO = YES;
				ONLY_ACTIVE_ARCH = YES;
				SDKROOT = iphoneos;
			};
			name = Debug;
		};
		DA351CBC1B49673200F8A2E0 /* Release */ = {
			isa = XCBuildConfiguration;
			buildSettings = {
				ALWAYS_SEARCH_USER_PATHS = NO;
				CLANG_CXX_LANGUAGE_STANDARD = "gnu++0x";
				CLANG_CXX_LIBRARY = "libc++";
				CLANG_ENABLE_MODULES = YES;
				CLANG_ENABLE_OBJC_ARC = YES;
				CLANG_WARN_BOOL_CONVERSION = YES;
				CLANG_WARN_CONSTANT_CONVERSION = YES;
				CLANG_WARN_DIRECT_OBJC_ISA_USAGE = YES_ERROR;
				CLANG_WARN_EMPTY_BODY = YES;
				CLANG_WARN_ENUM_CONVERSION = YES;
				CLANG_WARN_INT_CONVERSION = YES;
				CLANG_WARN_OBJC_ROOT_CLASS = YES_ERROR;
				CLANG_WARN_UNREACHABLE_CODE = YES;
				CLANG_WARN__DUPLICATE_METHOD_MATCH = YES;
				"CODE_SIGN_IDENTITY[sdk=iphoneos*]" = "iPhone Developer";
				COPY_PHASE_STRIP = YES;
				ENABLE_NS_ASSERTIONS = NO;
				ENABLE_STRICT_OBJC_MSGSEND = YES;
				GCC_C_LANGUAGE_STANDARD = gnu99;
				GCC_WARN_64_TO_32_BIT_CONVERSION = YES;
				GCC_WARN_ABOUT_RETURN_TYPE = YES_ERROR;
				GCC_WARN_UNDECLARED_SELECTOR = YES;
				GCC_WARN_UNINITIALIZED_AUTOS = YES_AGGRESSIVE;
				GCC_WARN_UNUSED_FUNCTION = YES;
				GCC_WARN_UNUSED_VARIABLE = YES;
				IPHONEOS_DEPLOYMENT_TARGET = 8.1;
				MTL_ENABLE_DEBUG_INFO = NO;
				SDKROOT = iphoneos;
				VALIDATE_PRODUCT = YES;
			};
			name = Release;
		};
		DA351CBE1B49673200F8A2E0 /* Debug */ = {
			isa = XCBuildConfiguration;
			buildSettings = {
				ASSETCATALOG_COMPILER_APPICON_NAME = AppIcon;
				INFOPLIST_FILE = ControllingSourceTest/Info.plist;
				LD_RUNPATH_SEARCH_PATHS = "$(inherited) @executable_path/Frameworks";
				PRODUCT_NAME = "$(TARGET_NAME)";
			};
			name = Debug;
		};
		DA351CBF1B49673200F8A2E0 /* Release */ = {
			isa = XCBuildConfiguration;
			buildSettings = {
				ASSETCATALOG_COMPILER_APPICON_NAME = AppIcon;
				INFOPLIST_FILE = ControllingSourceTest/Info.plist;
				LD_RUNPATH_SEARCH_PATHS = "$(inherited) @executable_path/Frameworks";
				PRODUCT_NAME = "$(TARGET_NAME)";
			};
			name = Release;
		};
		DA351CC11B49673200F8A2E0 /* Debug */ = {
			isa = XCBuildConfiguration;
			buildSettings = {
				BUNDLE_LOADER = "$(TEST_HOST)";
				FRAMEWORK_SEARCH_PATHS = (
					"$(SDKROOT)/Developer/Library/Frameworks",
					"$(inherited)",
				);
				GCC_PREPROCESSOR_DEFINITIONS = (
					"DEBUG=1",
					"$(inherited)",
				);
				INFOPLIST_FILE = ControllingSourceTestTests/Info.plist;
				LD_RUNPATH_SEARCH_PATHS = "$(inherited) @executable_path/Frameworks @loader_path/Frameworks";
				PRODUCT_NAME = "$(TARGET_NAME)";
				TEST_HOST = "$(BUILT_PRODUCTS_DIR)/ControllingSourceTest.app/ControllingSourceTest";
			};
			name = Debug;
		};
		DA351CC21B49673200F8A2E0 /* Release */ = {
			isa = XCBuildConfiguration;
			buildSettings = {
				BUNDLE_LOADER = "$(TEST_HOST)";
				FRAMEWORK_SEARCH_PATHS = (
					"$(SDKROOT)/Developer/Library/Frameworks",
					"$(inherited)",
				);
				INFOPLIST_FILE = ControllingSourceTestTests/Info.plist;
				LD_RUNPATH_SEARCH_PATHS = "$(inherited) @executable_path/Frameworks @loader_path/Frameworks";
				PRODUCT_NAME = "$(TARGET_NAME)";
				TEST_HOST = "$(BUILT_PRODUCTS_DIR)/ControllingSourceTest.app/ControllingSourceTest";
			};
			name = Release;
		};
/* End XCBuildConfiguration section */

/* Begin XCConfigurationList section */
		DA351C8F1B49673200F8A2E0 /* Build configuration list for PBXProject "ControllingSourceTest" */ = {
			isa = XCConfigurationList;
			buildConfigurations = (
				DA351CBB1B49673200F8A2E0 /* Debug */,
				DA351CBC1B49673200F8A2E0 /* Release */,
			);
			defaultConfigurationIsVisible = 0;
			defaultConfigurationName = Release;
		};
		DA351CBD1B49673200F8A2E0 /* Build configuration list for PBXNativeTarget "ControllingSourceTest" */ = {
			isa = XCConfigurationList;
			buildConfigurations = (
				DA351CBE1B49673200F8A2E0 /* Debug */,
				DA351CBF1B49673200F8A2E0 /* Release */,
			);
			defaultConfigurationIsVisible = 0;
		};
		DA351CC01B49673200F8A2E0 /* Build configuration list for PBXNativeTarget "ControllingSourceTestTests" */ = {
			isa = XCConfigurationList;
			buildConfigurations = (
				DA351CC11B49673200F8A2E0 /* Debug */,
				DA351CC21B49673200F8A2E0 /* Release */,
			);
			defaultConfigurationIsVisible = 0;
		};
/* End XCConfigurationList section */

/* Begin XCVersionGroup section */
		DA351C9E1B49673200F8A2E0 /* ControllingSourceTest.xcdatamodeld */ = {
			isa = XCVersionGroup;
			children = (
				DA351C9F1B49673200F8A2E0 /* ControllingSourceTest.xcdatamodel */,
			);
			currentVersion = DA351C9F1B49673200F8A2E0 /* ControllingSourceTest.xcdatamodel */;
			path = ControllingSourceTest.xcdatamodeld;
			sourceTree = "<group>";
			versionGroupType = wrapper.xcdatamodel;
		};
/* End XCVersionGroup section */
	};
	rootObject = DA351C8C1B49673200F8A2E0 /* Project object */;
}
